
Microsoft Visual Studio Solution File, Format Version 12.00
# Visual Studio Version 16
VisualStudioVersion = 16.0.31424.327
MinimumVisualStudioVersion = 10.0.40219.1
Project("{8BC9CEB8-8B4A-11D0-8D11-00A0C91BC942}") = "11006", "11006\11006.vcxproj", "{A3B41CBF-F8FF-4659-9783-F6CEB34C192B}"
EndProject
Project("{8BC9CEB8-8B4A-11D0-8D11-00A0C91BC942}") = "11021", "11021\11021.vcxproj", "{DE52CA2C-8F9E-481E-95DE-8D9BB2614900}"
EndProject
Project("{8BC9CEB8-8B4A-11D0-8D11-00A0C91BC942}") = "11022", "11022\11022.vcxproj", "{CFA5AB9A-70B8-457A-8AD8-900655BC7B06}"
EndProject
Project("{8BC9CEB8-8B4A-11D0-8D11-00A0C91BC942}") = "11320", "11320\11320.vcxproj", "{32D71A9A-4516-44F7-8627-89A4FD42686D}"
EndProject
Project("{8BC9CEB8-8B4A-11D0-8D11-00A0C91BC942}") = "11586", "11586\11586.vcxproj", "{D20EF8FE-1F77-44EB-8BF5-BE9EB6284444}"
EndProject
Project("{8BC9CEB8-8B4A-11D0-8D11-00A0C91BC942}") = "11721", "11721\11721.vcxproj", "{AE6E03C5-3386-4F63-A0F8-44AE4849CAFC}"
EndProject
Project("{8BC9CEB8-8B4A-11D0-8D11-00A0C91BC942}") = "14581", "14581\14581.vcxproj", "{62885F44-8826-4A07-BA44-A60A800C6E6E}"
EndProject
Project("{8BC9CEB8-8B4A-11D0-8D11-00A0C91BC942}") = "14582", "14582\14582.vcxproj", "{338F9EF1-9078-45B5-B9AA-2FA1AF25E94D}"
EndProject
Project("{8BC9CEB8-8B4A-11D0-8D11-00A0C91BC942}") = "14645", "14645\14645.vcxproj", "{1C886B96-59BC-40BE-9E02-1ECFFF2E85BD}"
EndProject
Project("{8BC9CEB8-8B4A-11D0-8D11-00A0C91BC942}") = "14910", "14910\14910.vcxproj", "{C539A7C7-3FA0-4484-BAD0-EBB942E3BA65}"
EndProject
Global
	GlobalSection(SolutionConfigurationPlatforms) = preSolution
		Debug|x64 = Debug|x64
		Debug|x86 = Debug|x86
		Release|x64 = Release|x64
		Release|x86 = Release|x86
	EndGlobalSection
	GlobalSection(ProjectConfigurationPlatforms) = postSolution
		{A3B41CBF-F8FF-4659-9783-F6CEB34C192B}.Debug|x64.ActiveCfg = Debug|x64
		{A3B41CBF-F8FF-4659-9783-F6CEB34C192B}.Debug|x64.Build.0 = Debug|x64
		{A3B41CBF-F8FF-4659-9783-F6CEB34C192B}.Debug|x86.ActiveCfg = Debug|Win32
		{A3B41CBF-F8FF-4659-9783-F6CEB34C192B}.Debug|x86.Build.0 = Debug|Win32
		{A3B41CBF-F8FF-4659-9783-F6CEB34C192B}.Release|x64.ActiveCfg = Release|x64
		{A3B41CBF-F8FF-4659-9783-F6CEB34C192B}.Release|x64.Build.0 = Release|x64
		{A3B41CBF-F8FF-4659-9783-F6CEB34C192B}.Release|x86.ActiveCfg = Release|Win32
		{A3B41CBF-F8FF-4659-9783-F6CEB34C192B}.Release|x86.Build.0 = Release|Win32
		{DE52CA2C-8F9E-481E-95DE-8D9BB2614900}.Debug|x64.ActiveCfg = Debug|x64
		{DE52CA2C-8F9E-481E-95DE-8D9BB2614900}.Debug|x64.Build.0 = Debug|x64
		{DE52CA2C-8F9E-481E-95DE-8D9BB2614900}.Debug|x86.ActiveCfg = Debug|Win32
		{DE52CA2C-8F9E-481E-95DE-8D9BB2614900}.Debug|x86.Build.0 = Debug|Win32
		{DE52CA2C-8F9E-481E-95DE-8D9BB2614900}.Release|x64.ActiveCfg = Release|x64
		{DE52CA2C-8F9E-481E-95DE-8D9BB2614900}.Release|x64.Build.0 = Release|x64
		{DE52CA2C-8F9E-481E-95DE-8D9BB2614900}.Release|x86.ActiveCfg = Release|Win32
		{DE52CA2C-8F9E-481E-95DE-8D9BB2614900}.Release|x86.Build.0 = Release|Win32
		{CFA5AB9A-70B8-457A-8AD8-900655BC7B06}.Debug|x64.ActiveCfg = Debug|x64
		{CFA5AB9A-70B8-457A-8AD8-900655BC7B06}.Debug|x64.Build.0 = Debug|x64
		{CFA5AB9A-70B8-457A-8AD8-900655BC7B06}.Debug|x86.ActiveCfg = Debug|Win32
		{CFA5AB9A-70B8-457A-8AD8-900655BC7B06}.Debug|x86.Build.0 = Debug|Win32
		{CFA5AB9A-70B8-457A-8AD8-900655BC7B06}.Release|x64.ActiveCfg = Release|x64
		{CFA5AB9A-70B8-457A-8AD8-900655BC7B06}.Release|x64.Build.0 = Release|x64
		{CFA5AB9A-70B8-457A-8AD8-900655BC7B06}.Release|x86.ActiveCfg = Release|Win32
		{CFA5AB9A-70B8-457A-8AD8-900655BC7B06}.Release|x86.Build.0 = Release|Win32
		{32D71A9A-4516-44F7-8627-89A4FD42686D}.Debug|x64.ActiveCfg = Debug|x64
		{32D71A9A-4516-44F7-8627-89A4FD42686D}.Debug|x64.Build.0 = Debug|x64
		{32D71A9A-4516-44F7-8627-89A4FD42686D}.Debug|x86.ActiveCfg = Debug|Win32
		{32D71A9A-4516-44F7-8627-89A4FD42686D}.Debug|x86.Build.0 = Debug|Win32
		{32D71A9A-4516-44F7-8627-89A4FD42686D}.Release|x64.ActiveCfg = Release|x64
		{32D71A9A-4516-44F7-8627-89A4FD42686D}.Release|x64.Build.0 = Release|x64
		{32D71A9A-4516-44F7-8627-89A4FD42686D}.Release|x86.ActiveCfg = Release|Win32
		{32D71A9A-4516-44F7-8627-89A4FD42686D}.Release|x86.Build.0 = Release|Win32
		{D20EF8FE-1F77-44EB-8BF5-BE9EB6284444}.Debug|x64.ActiveCfg = Debug|x64
		{D20EF8FE-1F77-44EB-8BF5-BE9EB6284444}.Debug|x64.Build.0 = Debug|x64
		{D20EF8FE-1F77-44EB-8BF5-BE9EB6284444}.Debug|x86.ActiveCfg = Debug|Win32
		{D20EF8FE-1F77-44EB-8BF5-BE9EB6284444}.Debug|x86.Build.0 = Debug|Win32
		{D20EF8FE-1F77-44EB-8BF5-BE9EB6284444}.Release|x64.ActiveCfg = Release|x64
		{D20EF8FE-1F77-44EB-8BF5-BE9EB6284444}.Release|x64.Build.0 = Release|x64
		{D20EF8FE-1F77-44EB-8BF5-BE9EB6284444}.Release|x86.ActiveCfg = Release|Win32
		{D20EF8FE-1F77-44EB-8BF5-BE9EB6284444}.Release|x86.Build.0 = Release|Win32
		{AE6E03C5-3386-4F63-A0F8-44AE4849CAFC}.Debug|x64.ActiveCfg = Debug|x64
		{AE6E03C5-3386-4F63-A0F8-44AE4849CAFC}.Debug|x64.Build.0 = Debug|x64
		{AE6E03C5-3386-4F63-A0F8-44AE4849CAFC}.Debug|x86.ActiveCfg = Debug|Win32
		{AE6E03C5-3386-4F63-A0F8-44AE4849CAFC}.Debug|x86.Build.0 = Debug|Win32
		{AE6E03C5-3386-4F63-A0F8-44AE4849CAFC}.Release|x64.ActiveCfg = Release|x64
		{AE6E03C5-3386-4F63-A0F8-44AE4849CAFC}.Release|x64.Build.0 = Release|x64
		{AE6E03C5-3386-4F63-A0F8-44AE4849CAFC}.Release|x86.ActiveCfg = Release|Win32
		{AE6E03C5-3386-4F63-A0F8-44AE4849CAFC}.Release|x86.Build.0 = Release|Win32
		{62885F44-8826-4A07-BA44-A60A800C6E6E}.Debug|x64.ActiveCfg = Debug|x64
		{62885F44-8826-4A07-BA44-A60A800C6E6E}.Debug|x64.Build.0 = Debug|x64
		{62885F44-8826-4A07-BA44-A60A800C6E6E}.Debug|x86.ActiveCfg = Debug|Win32
		{62885F44-8826-4A07-BA44-A60A800C6E6E}.Debug|x86.Build.0 = Debug|Win32
		{62885F44-8826-4A07-BA44-A60A800C6E6E}.Release|x64.ActiveCfg = Release|x64
		{62885F44-8826-4A07-BA44-A60A800C6E6E}.Release|x64.Build.0 = Release|x64
		{62885F44-8826-4A07-BA44-A60A800C6E6E}.Release|x86.ActiveCfg = Release|Win32
		{62885F44-8826-4A07-BA44-A60A800C6E6E}.Release|x86.Build.0 = Release|Win32
		{338F9EF1-9078-45B5-B9AA-2FA1AF25E94D}.Debug|x64.ActiveCfg = Debug|x64
		{338F9EF1-9078-45B5-B9AA-2FA1AF25E94D}.Debug|x64.Build.0 = Debug|x64
		{338F9EF1-9078-45B5-B9AA-2FA1AF25E94D}.Debug|x86.ActiveCfg = Debug|Win32
		{338F9EF1-9078-45B5-B9AA-2FA1AF25E94D}.Debug|x86.Build.0 = Debug|Win32
		{338F9EF1-9078-45B5-B9AA-2FA1AF25E94D}.Release|x64.ActiveCfg = Release|x64
		{338F9EF1-9078-45B5-B9AA-2FA1AF25E94D}.Release|x64.Build.0 = Release|x64
		{338F9EF1-9078-45B5-B9AA-2FA1AF25E94D}.Release|x86.ActiveCfg = Release|Win32
		{338F9EF1-9078-45B5-B9AA-2FA1AF25E94D}.Release|x86.Build.0 = Release|Win32
		{1C886B96-59BC-40BE-9E02-1ECFFF2E85BD}.Debug|x64.ActiveCfg = Debug|x64
		{1C886B96-59BC-40BE-9E02-1ECFFF2E85BD}.Debug|x64.Build.0 = Debug|x64
		{1C886B96-59BC-40BE-9E02-1ECFFF2E85BD}.Debug|x86.ActiveCfg = Debug|Win32
		{1C886B96-59BC-40BE-9E02-1ECFFF2E85BD}.Debug|x86.Build.0 = Debug|Win32
		{1C886B96-59BC-40BE-9E02-1ECFFF2E85BD}.Release|x64.ActiveCfg = Release|x64
		{1C886B96-59BC-40BE-9E02-1ECFFF2E85BD}.Release|x64.Build.0 = Release|x64
		{1C886B96-59BC-40BE-9E02-1ECFFF2E85BD}.Release|x86.ActiveCfg = Release|Win32
		{1C886B96-59BC-40BE-9E02-1ECFFF2E85BD}.Release|x86.Build.0 = Release|Win32
		{C539A7C7-3FA0-4484-BAD0-EBB942E3BA65}.Debug|x64.ActiveCfg = Debug|x64
		{C539A7C7-3FA0-4484-BAD0-EBB942E3BA65}.Debug|x64.Build.0 = Debug|x64
		{C539A7C7-3FA0-4484-BAD0-EBB942E3BA65}.Debug|x86.ActiveCfg = Debug|Win32
		{C539A7C7-3FA0-4484-BAD0-EBB942E3BA65}.Debug|x86.Build.0 = Debug|Win32
		{C539A7C7-3FA0-4484-BAD0-EBB942E3BA65}.Release|x64.ActiveCfg = Release|x64
		{C539A7C7-3FA0-4484-BAD0-EBB942E3BA65}.Release|x64.Build.0 = Release|x64
		{C539A7C7-3FA0-4484-BAD0-EBB942E3BA65}.Release|x86.ActiveCfg = Release|Win32
		{C539A7C7-3FA0-4484-BAD0-EBB942E3BA65}.Release|x86.Build.0 = Release|Win32
	EndGlobalSection
	GlobalSection(SolutionProperties) = preSolution
		HideSolutionNode = FALSE
	EndGlobalSection
	GlobalSection(ExtensibilityGlobals) = postSolution
		SolutionGuid = {1DA865BE-6803-4357-883B-119C740C83E9}
	EndGlobalSection
EndGlobal
