
Microsoft Visual Studio Solution File, Format Version 12.00
# Visual Studio Version 16
VisualStudioVersion = 16.0.31424.327
MinimumVisualStudioVersion = 10.0.40219.1
Project("{8BC9CEB8-8B4A-11D0-8D11-00A0C91BC942}") = "10419", "10419\10419.vcxproj", "{A42C74C3-7B28-4217-ABA0-51547818E192}"
EndProject
Project("{8BC9CEB8-8B4A-11D0-8D11-00A0C91BC942}") = "10430", "10430\10430.vcxproj", "{9E60C3F0-8AE3-475A-8DA7-F5DBE95F8EAE}"
EndProject
Project("{8BC9CEB8-8B4A-11D0-8D11-00A0C91BC942}") = "10539", "10539\10539.vcxproj", "{7FD87790-E0DC-49C9-9A60-7CB9A50C2BD4}"
EndProject
Project("{8BC9CEB8-8B4A-11D0-8D11-00A0C91BC942}") = "10769", "10769\10769.vcxproj", "{FE9FD758-EC7E-418D-AC7F-73A03F0D1B99}"
EndProject
Project("{8BC9CEB8-8B4A-11D0-8D11-00A0C91BC942}") = "10811", "10811\10811.vcxproj", "{4F5982AE-99D1-48A1-B1FF-F3FCD3E48F6F}"
EndProject
Project("{8BC9CEB8-8B4A-11D0-8D11-00A0C91BC942}") = "10872", "10872\10872.vcxproj", "{07BBC8C8-2D84-4235-96CC-300E4D7B2C0C}"
EndProject
Project("{8BC9CEB8-8B4A-11D0-8D11-00A0C91BC942}") = "10869", "10869\10869.vcxproj", "{7ADA38B2-3638-4B52-A645-9AADF89E0E8E}"
EndProject
Project("{8BC9CEB8-8B4A-11D0-8D11-00A0C91BC942}") = "10871", "10871\10871.vcxproj", "{FE1D13F8-8FC2-471A-9402-01C30C67BCEB}"
EndProject
Project("{8BC9CEB8-8B4A-11D0-8D11-00A0C91BC942}") = "10950", "10950\10950.vcxproj", "{5FBCD657-00D3-44BE-B899-2C2FD005A2AD}"
EndProject
Project("{8BC9CEB8-8B4A-11D0-8D11-00A0C91BC942}") = "10987", "10987\10987.vcxproj", "{A4C287C6-201F-4E56-8878-6D7D9F080D00}"
EndProject
Global
	GlobalSection(SolutionConfigurationPlatforms) = preSolution
		Debug|x64 = Debug|x64
		Debug|x86 = Debug|x86
		Release|x64 = Release|x64
		Release|x86 = Release|x86
	EndGlobalSection
	GlobalSection(ProjectConfigurationPlatforms) = postSolution
		{A42C74C3-7B28-4217-ABA0-51547818E192}.Debug|x64.ActiveCfg = Debug|x64
		{A42C74C3-7B28-4217-ABA0-51547818E192}.Debug|x64.Build.0 = Debug|x64
		{A42C74C3-7B28-4217-ABA0-51547818E192}.Debug|x86.ActiveCfg = Debug|Win32
		{A42C74C3-7B28-4217-ABA0-51547818E192}.Debug|x86.Build.0 = Debug|Win32
		{A42C74C3-7B28-4217-ABA0-51547818E192}.Release|x64.ActiveCfg = Release|x64
		{A42C74C3-7B28-4217-ABA0-51547818E192}.Release|x64.Build.0 = Release|x64
		{A42C74C3-7B28-4217-ABA0-51547818E192}.Release|x86.ActiveCfg = Release|Win32
		{A42C74C3-7B28-4217-ABA0-51547818E192}.Release|x86.Build.0 = Release|Win32
		{9E60C3F0-8AE3-475A-8DA7-F5DBE95F8EAE}.Debug|x64.ActiveCfg = Debug|x64
		{9E60C3F0-8AE3-475A-8DA7-F5DBE95F8EAE}.Debug|x64.Build.0 = Debug|x64
		{9E60C3F0-8AE3-475A-8DA7-F5DBE95F8EAE}.Debug|x86.ActiveCfg = Debug|Win32
		{9E60C3F0-8AE3-475A-8DA7-F5DBE95F8EAE}.Debug|x86.Build.0 = Debug|Win32
		{9E60C3F0-8AE3-475A-8DA7-F5DBE95F8EAE}.Release|x64.ActiveCfg = Release|x64
		{9E60C3F0-8AE3-475A-8DA7-F5DBE95F8EAE}.Release|x64.Build.0 = Release|x64
		{9E60C3F0-8AE3-475A-8DA7-F5DBE95F8EAE}.Release|x86.ActiveCfg = Release|Win32
		{9E60C3F0-8AE3-475A-8DA7-F5DBE95F8EAE}.Release|x86.Build.0 = Release|Win32
		{7FD87790-E0DC-49C9-9A60-7CB9A50C2BD4}.Debug|x64.ActiveCfg = Debug|x64
		{7FD87790-E0DC-49C9-9A60-7CB9A50C2BD4}.Debug|x64.Build.0 = Debug|x64
		{7FD87790-E0DC-49C9-9A60-7CB9A50C2BD4}.Debug|x86.ActiveCfg = Debug|Win32
		{7FD87790-E0DC-49C9-9A60-7CB9A50C2BD4}.Debug|x86.Build.0 = Debug|Win32
		{7FD87790-E0DC-49C9-9A60-7CB9A50C2BD4}.Release|x64.ActiveCfg = Release|x64
		{7FD87790-E0DC-49C9-9A60-7CB9A50C2BD4}.Release|x64.Build.0 = Release|x64
		{7FD87790-E0DC-49C9-9A60-7CB9A50C2BD4}.Release|x86.ActiveCfg = Release|Win32
		{7FD87790-E0DC-49C9-9A60-7CB9A50C2BD4}.Release|x86.Build.0 = Release|Win32
		{FE9FD758-EC7E-418D-AC7F-73A03F0D1B99}.Debug|x64.ActiveCfg = Debug|x64
		{FE9FD758-EC7E-418D-AC7F-73A03F0D1B99}.Debug|x64.Build.0 = Debug|x64
		{FE9FD758-EC7E-418D-AC7F-73A03F0D1B99}.Debug|x86.ActiveCfg = Debug|Win32
		{FE9FD758-EC7E-418D-AC7F-73A03F0D1B99}.Debug|x86.Build.0 = Debug|Win32
		{FE9FD758-EC7E-418D-AC7F-73A03F0D1B99}.Release|x64.ActiveCfg = Release|x64
		{FE9FD758-EC7E-418D-AC7F-73A03F0D1B99}.Release|x64.Build.0 = Release|x64
		{FE9FD758-EC7E-418D-AC7F-73A03F0D1B99}.Release|x86.ActiveCfg = Release|Win32
		{FE9FD758-EC7E-418D-AC7F-73A03F0D1B99}.Release|x86.Build.0 = Release|Win32
		{4F5982AE-99D1-48A1-B1FF-F3FCD3E48F6F}.Debug|x64.ActiveCfg = Debug|x64
		{4F5982AE-99D1-48A1-B1FF-F3FCD3E48F6F}.Debug|x64.Build.0 = Debug|x64
		{4F5982AE-99D1-48A1-B1FF-F3FCD3E48F6F}.Debug|x86.ActiveCfg = Debug|Win32
		{4F5982AE-99D1-48A1-B1FF-F3FCD3E48F6F}.Debug|x86.Build.0 = Debug|Win32
		{4F5982AE-99D1-48A1-B1FF-F3FCD3E48F6F}.Release|x64.ActiveCfg = Release|x64
		{4F5982AE-99D1-48A1-B1FF-F3FCD3E48F6F}.Release|x64.Build.0 = Release|x64
		{4F5982AE-99D1-48A1-B1FF-F3FCD3E48F6F}.Release|x86.ActiveCfg = Release|Win32
		{4F5982AE-99D1-48A1-B1FF-F3FCD3E48F6F}.Release|x86.Build.0 = Release|Win32
		{07BBC8C8-2D84-4235-96CC-300E4D7B2C0C}.Debug|x64.ActiveCfg = Debug|x64
		{07BBC8C8-2D84-4235-96CC-300E4D7B2C0C}.Debug|x64.Build.0 = Debug|x64
		{07BBC8C8-2D84-4235-96CC-300E4D7B2C0C}.Debug|x86.ActiveCfg = Debug|Win32
		{07BBC8C8-2D84-4235-96CC-300E4D7B2C0C}.Debug|x86.Build.0 = Debug|Win32
		{07BBC8C8-2D84-4235-96CC-300E4D7B2C0C}.Release|x64.ActiveCfg = Release|x64
		{07BBC8C8-2D84-4235-96CC-300E4D7B2C0C}.Release|x64.Build.0 = Release|x64
		{07BBC8C8-2D84-4235-96CC-300E4D7B2C0C}.Release|x86.ActiveCfg = Release|Win32
		{07BBC8C8-2D84-4235-96CC-300E4D7B2C0C}.Release|x86.Build.0 = Release|Win32
		{7ADA38B2-3638-4B52-A645-9AADF89E0E8E}.Debug|x64.ActiveCfg = Debug|x64
		{7ADA38B2-3638-4B52-A645-9AADF89E0E8E}.Debug|x64.Build.0 = Debug|x64
		{7ADA38B2-3638-4B52-A645-9AADF89E0E8E}.Debug|x86.ActiveCfg = Debug|Win32
		{7ADA38B2-3638-4B52-A645-9AADF89E0E8E}.Debug|x86.Build.0 = Debug|Win32
		{7ADA38B2-3638-4B52-A645-9AADF89E0E8E}.Release|x64.ActiveCfg = Release|x64
		{7ADA38B2-3638-4B52-A645-9AADF89E0E8E}.Release|x64.Build.0 = Release|x64
		{7ADA38B2-3638-4B52-A645-9AADF89E0E8E}.Release|x86.ActiveCfg = Release|Win32
		{7ADA38B2-3638-4B52-A645-9AADF89E0E8E}.Release|x86.Build.0 = Release|Win32
		{FE1D13F8-8FC2-471A-9402-01C30C67BCEB}.Debug|x64.ActiveCfg = Debug|x64
		{FE1D13F8-8FC2-471A-9402-01C30C67BCEB}.Debug|x64.Build.0 = Debug|x64
		{FE1D13F8-8FC2-471A-9402-01C30C67BCEB}.Debug|x86.ActiveCfg = Debug|Win32
		{FE1D13F8-8FC2-471A-9402-01C30C67BCEB}.Debug|x86.Build.0 = Debug|Win32
		{FE1D13F8-8FC2-471A-9402-01C30C67BCEB}.Release|x64.ActiveCfg = Release|x64
		{FE1D13F8-8FC2-471A-9402-01C30C67BCEB}.Release|x64.Build.0 = Release|x64
		{FE1D13F8-8FC2-471A-9402-01C30C67BCEB}.Release|x86.ActiveCfg = Release|Win32
		{FE1D13F8-8FC2-471A-9402-01C30C67BCEB}.Release|x86.Build.0 = Release|Win32
		{5FBCD657-00D3-44BE-B899-2C2FD005A2AD}.Debug|x64.ActiveCfg = Debug|x64
		{5FBCD657-00D3-44BE-B899-2C2FD005A2AD}.Debug|x64.Build.0 = Debug|x64
		{5FBCD657-00D3-44BE-B899-2C2FD005A2AD}.Debug|x86.ActiveCfg = Debug|Win32
		{5FBCD657-00D3-44BE-B899-2C2FD005A2AD}.Debug|x86.Build.0 = Debug|Win32
		{5FBCD657-00D3-44BE-B899-2C2FD005A2AD}.Release|x64.ActiveCfg = Release|x64
		{5FBCD657-00D3-44BE-B899-2C2FD005A2AD}.Release|x64.Build.0 = Release|x64
		{5FBCD657-00D3-44BE-B899-2C2FD005A2AD}.Release|x86.ActiveCfg = Release|Win32
		{5FBCD657-00D3-44BE-B899-2C2FD005A2AD}.Release|x86.Build.0 = Release|Win32
		{A4C287C6-201F-4E56-8878-6D7D9F080D00}.Debug|x64.ActiveCfg = Debug|x64
		{A4C287C6-201F-4E56-8878-6D7D9F080D00}.Debug|x64.Build.0 = Debug|x64
		{A4C287C6-201F-4E56-8878-6D7D9F080D00}.Debug|x86.ActiveCfg = Debug|Win32
		{A4C287C6-201F-4E56-8878-6D7D9F080D00}.Debug|x86.Build.0 = Debug|Win32
		{A4C287C6-201F-4E56-8878-6D7D9F080D00}.Release|x64.ActiveCfg = Release|x64
		{A4C287C6-201F-4E56-8878-6D7D9F080D00}.Release|x64.Build.0 = Release|x64
		{A4C287C6-201F-4E56-8878-6D7D9F080D00}.Release|x86.ActiveCfg = Release|Win32
		{A4C287C6-201F-4E56-8878-6D7D9F080D00}.Release|x86.Build.0 = Release|Win32
	EndGlobalSection
	GlobalSection(SolutionProperties) = preSolution
		HideSolutionNode = FALSE
	EndGlobalSection
	GlobalSection(ExtensibilityGlobals) = postSolution
		SolutionGuid = {9CB4E0D2-232C-4363-99FF-97ACF0AEE140}
	EndGlobalSection
EndGlobal
