
Microsoft Visual Studio Solution File, Format Version 12.00
# Visual Studio Version 16
VisualStudioVersion = 16.0.31424.327
MinimumVisualStudioVersion = 10.0.40219.1
Project("{8BC9CEB8-8B4A-11D0-8D11-00A0C91BC942}") = "Design_Pattern", "Design_Pattern.vcxproj", "{397008D9-C68E-4B40-B48C-D88A3CB2B45D}"
EndProject
Global
	GlobalSection(SolutionConfigurationPlatforms) = preSolution
		Debug|x64 = Debug|x64
		Debug|x86 = Debug|x86
		Release|x64 = Release|x64
		Release|x86 = Release|x86
	EndGlobalSection
	GlobalSection(ProjectConfigurationPlatforms) = postSolution
		{397008D9-C68E-4B40-B48C-D88A3CB2B45D}.Debug|x64.ActiveCfg = Debug|x64
		{397008D9-C68E-4B40-B48C-D88A3CB2B45D}.Debug|x64.Build.0 = Debug|x64
		{397008D9-C68E-4B40-B48C-D88A3CB2B45D}.Debug|x86.ActiveCfg = Debug|Win32
		{397008D9-C68E-4B40-B48C-D88A3CB2B45D}.Debug|x86.Build.0 = Debug|Win32
		{397008D9-C68E-4B40-B48C-D88A3CB2B45D}.Release|x64.ActiveCfg = Release|x64
		{397008D9-C68E-4B40-B48C-D88A3CB2B45D}.Release|x64.Build.0 = Release|x64
		{397008D9-C68E-4B40-B48C-D88A3CB2B45D}.Release|x86.ActiveCfg = Release|Win32
		{397008D9-C68E-4B40-B48C-D88A3CB2B45D}.Release|x86.Build.0 = Release|Win32
	EndGlobalSection
	GlobalSection(SolutionProperties) = preSolution
		HideSolutionNode = FALSE
	EndGlobalSection
	GlobalSection(ExtensibilityGlobals) = postSolution
		SolutionGuid = {3ED052CE-9583-4580-B0A3-BFAC1C3194DF}
	EndGlobalSection
EndGlobal
