
Microsoft Visual Studio Solution File, Format Version 12.00
# Visual Studio Version 16
VisualStudioVersion = 16.0.31424.327
MinimumVisualStudioVersion = 10.0.40219.1
Project("{8BC9CEB8-8B4A-11D0-8D11-00A0C91BC942}") = "2744", "2744\2744.vcxproj", "{3A49803D-2135-4FF8-B5C0-6C9C901B7AEE}"
EndProject
Project("{8BC9CEB8-8B4A-11D0-8D11-00A0C91BC942}") = "2754", "2754\2754.vcxproj", "{829ADFF4-FA16-4325-9385-6FC75FA3BBBC}"
EndProject
Project("{8BC9CEB8-8B4A-11D0-8D11-00A0C91BC942}") = "2789", "2789\2789.vcxproj", "{88DB92B8-8E55-41F2-8FFD-77050928810B}"
EndProject
Project("{8BC9CEB8-8B4A-11D0-8D11-00A0C91BC942}") = "2822", "2822\2822.vcxproj", "{26728552-C856-4DA7-9C6D-1254B5BDA4EA}"
EndProject
Project("{8BC9CEB8-8B4A-11D0-8D11-00A0C91BC942}") = "2846", "2846\2846.vcxproj", "{2AB734A4-D6D6-465D-94CE-A5C90A439E45}"
EndProject
Global
	GlobalSection(SolutionConfigurationPlatforms) = preSolution
		Debug|x64 = Debug|x64
		Debug|x86 = Debug|x86
		Release|x64 = Release|x64
		Release|x86 = Release|x86
	EndGlobalSection
	GlobalSection(ProjectConfigurationPlatforms) = postSolution
		{3A49803D-2135-4FF8-B5C0-6C9C901B7AEE}.Debug|x64.ActiveCfg = Debug|x64
		{3A49803D-2135-4FF8-B5C0-6C9C901B7AEE}.Debug|x64.Build.0 = Debug|x64
		{3A49803D-2135-4FF8-B5C0-6C9C901B7AEE}.Debug|x86.ActiveCfg = Debug|Win32
		{3A49803D-2135-4FF8-B5C0-6C9C901B7AEE}.Debug|x86.Build.0 = Debug|Win32
		{3A49803D-2135-4FF8-B5C0-6C9C901B7AEE}.Release|x64.ActiveCfg = Release|x64
		{3A49803D-2135-4FF8-B5C0-6C9C901B7AEE}.Release|x64.Build.0 = Release|x64
		{3A49803D-2135-4FF8-B5C0-6C9C901B7AEE}.Release|x86.ActiveCfg = Release|Win32
		{3A49803D-2135-4FF8-B5C0-6C9C901B7AEE}.Release|x86.Build.0 = Release|Win32
		{829ADFF4-FA16-4325-9385-6FC75FA3BBBC}.Debug|x64.ActiveCfg = Debug|x64
		{829ADFF4-FA16-4325-9385-6FC75FA3BBBC}.Debug|x64.Build.0 = Debug|x64
		{829ADFF4-FA16-4325-9385-6FC75FA3BBBC}.Debug|x86.ActiveCfg = Debug|Win32
		{829ADFF4-FA16-4325-9385-6FC75FA3BBBC}.Debug|x86.Build.0 = Debug|Win32
		{829ADFF4-FA16-4325-9385-6FC75FA3BBBC}.Release|x64.ActiveCfg = Release|x64
		{829ADFF4-FA16-4325-9385-6FC75FA3BBBC}.Release|x64.Build.0 = Release|x64
		{829ADFF4-FA16-4325-9385-6FC75FA3BBBC}.Release|x86.ActiveCfg = Release|Win32
		{829ADFF4-FA16-4325-9385-6FC75FA3BBBC}.Release|x86.Build.0 = Release|Win32
		{88DB92B8-8E55-41F2-8FFD-77050928810B}.Debug|x64.ActiveCfg = Debug|x64
		{88DB92B8-8E55-41F2-8FFD-77050928810B}.Debug|x64.Build.0 = Debug|x64
		{88DB92B8-8E55-41F2-8FFD-77050928810B}.Debug|x86.ActiveCfg = Debug|Win32
		{88DB92B8-8E55-41F2-8FFD-77050928810B}.Debug|x86.Build.0 = Debug|Win32
		{88DB92B8-8E55-41F2-8FFD-77050928810B}.Release|x64.ActiveCfg = Release|x64
		{88DB92B8-8E55-41F2-8FFD-77050928810B}.Release|x64.Build.0 = Release|x64
		{88DB92B8-8E55-41F2-8FFD-77050928810B}.Release|x86.ActiveCfg = Release|Win32
		{88DB92B8-8E55-41F2-8FFD-77050928810B}.Release|x86.Build.0 = Release|Win32
		{26728552-C856-4DA7-9C6D-1254B5BDA4EA}.Debug|x64.ActiveCfg = Debug|x64
		{26728552-C856-4DA7-9C6D-1254B5BDA4EA}.Debug|x64.Build.0 = Debug|x64
		{26728552-C856-4DA7-9C6D-1254B5BDA4EA}.Debug|x86.ActiveCfg = Debug|Win32
		{26728552-C856-4DA7-9C6D-1254B5BDA4EA}.Debug|x86.Build.0 = Debug|Win32
		{26728552-C856-4DA7-9C6D-1254B5BDA4EA}.Release|x64.ActiveCfg = Release|x64
		{26728552-C856-4DA7-9C6D-1254B5BDA4EA}.Release|x64.Build.0 = Release|x64
		{26728552-C856-4DA7-9C6D-1254B5BDA4EA}.Release|x86.ActiveCfg = Release|Win32
		{26728552-C856-4DA7-9C6D-1254B5BDA4EA}.Release|x86.Build.0 = Release|Win32
		{2AB734A4-D6D6-465D-94CE-A5C90A439E45}.Debug|x64.ActiveCfg = Debug|x64
		{2AB734A4-D6D6-465D-94CE-A5C90A439E45}.Debug|x64.Build.0 = Debug|x64
		{2AB734A4-D6D6-465D-94CE-A5C90A439E45}.Debug|x86.ActiveCfg = Debug|Win32
		{2AB734A4-D6D6-465D-94CE-A5C90A439E45}.Debug|x86.Build.0 = Debug|Win32
		{2AB734A4-D6D6-465D-94CE-A5C90A439E45}.Release|x64.ActiveCfg = Release|x64
		{2AB734A4-D6D6-465D-94CE-A5C90A439E45}.Release|x64.Build.0 = Release|x64
		{2AB734A4-D6D6-465D-94CE-A5C90A439E45}.Release|x86.ActiveCfg = Release|Win32
		{2AB734A4-D6D6-465D-94CE-A5C90A439E45}.Release|x86.Build.0 = Release|Win32
	EndGlobalSection
	GlobalSection(SolutionProperties) = preSolution
		HideSolutionNode = FALSE
	EndGlobalSection
	GlobalSection(ExtensibilityGlobals) = postSolution
		SolutionGuid = {4DF19CE0-B803-4D8D-8A22-A93EB52F1AC1}
	EndGlobalSection
EndGlobal
