
Microsoft Visual Studio Solution File, Format Version 12.00
# Visual Studio Version 16
VisualStudioVersion = 16.0.31424.327
MinimumVisualStudioVersion = 10.0.40219.1
Project("{8BC9CEB8-8B4A-11D0-8D11-00A0C91BC942}") = "19572", "19572\19572.vcxproj", "{E16F23FD-C023-467A-85E0-C9D6C9F6AD35}"
EndProject
Project("{8BC9CEB8-8B4A-11D0-8D11-00A0C91BC942}") = "20299", "20299\20299.vcxproj", "{AF57D1C3-399F-4DAC-8EC0-18DA76330F27}"
EndProject
Project("{8BC9CEB8-8B4A-11D0-8D11-00A0C91BC942}") = "20361", "20361\20361.vcxproj", "{C4E2A870-1062-430F-8C0C-69577C6FDE36}"
EndProject
Project("{8BC9CEB8-8B4A-11D0-8D11-00A0C91BC942}") = "21567", "21567\21567.vcxproj", "{6D5AB129-4E69-460B-A3E3-6508CAA411A9}"
EndProject
Project("{8BC9CEB8-8B4A-11D0-8D11-00A0C91BC942}") = "23348", "23348\23348.vcxproj", "{09B399E0-5D24-4274-AD84-01FCE7DBB9EA}"
EndProject
Project("{8BC9CEB8-8B4A-11D0-8D11-00A0C91BC942}") = "23972", "23972\23972.vcxproj", "{C055A1D0-A7FE-45B1-A7EB-17F0CE844287}"
EndProject
Project("{8BC9CEB8-8B4A-11D0-8D11-00A0C91BC942}") = "24262", "24262\24262.vcxproj", "{BA47E984-F080-4875-AC1C-4667490F22FA}"
EndProject
Project("{8BC9CEB8-8B4A-11D0-8D11-00A0C91BC942}") = "24264", "24264\24264.vcxproj", "{578664EE-B538-4DFA-8011-A9CB4B95B003}"
EndProject
Project("{8BC9CEB8-8B4A-11D0-8D11-00A0C91BC942}") = "25024", "25024\25024.vcxproj", "{DE497E1E-92F9-47A4-9862-62E69F124CF8}"
EndProject
Project("{8BC9CEB8-8B4A-11D0-8D11-00A0C91BC942}") = "25191", "25191\25191.vcxproj", "{F2E8B263-8CA2-4DC4-B8BC-C2A97B53DFA7}"
EndProject
Global
	GlobalSection(SolutionConfigurationPlatforms) = preSolution
		Debug|x64 = Debug|x64
		Debug|x86 = Debug|x86
		Release|x64 = Release|x64
		Release|x86 = Release|x86
	EndGlobalSection
	GlobalSection(ProjectConfigurationPlatforms) = postSolution
		{E16F23FD-C023-467A-85E0-C9D6C9F6AD35}.Debug|x64.ActiveCfg = Debug|x64
		{E16F23FD-C023-467A-85E0-C9D6C9F6AD35}.Debug|x64.Build.0 = Debug|x64
		{E16F23FD-C023-467A-85E0-C9D6C9F6AD35}.Debug|x86.ActiveCfg = Debug|Win32
		{E16F23FD-C023-467A-85E0-C9D6C9F6AD35}.Debug|x86.Build.0 = Debug|Win32
		{E16F23FD-C023-467A-85E0-C9D6C9F6AD35}.Release|x64.ActiveCfg = Release|x64
		{E16F23FD-C023-467A-85E0-C9D6C9F6AD35}.Release|x64.Build.0 = Release|x64
		{E16F23FD-C023-467A-85E0-C9D6C9F6AD35}.Release|x86.ActiveCfg = Release|Win32
		{E16F23FD-C023-467A-85E0-C9D6C9F6AD35}.Release|x86.Build.0 = Release|Win32
		{AF57D1C3-399F-4DAC-8EC0-18DA76330F27}.Debug|x64.ActiveCfg = Debug|x64
		{AF57D1C3-399F-4DAC-8EC0-18DA76330F27}.Debug|x64.Build.0 = Debug|x64
		{AF57D1C3-399F-4DAC-8EC0-18DA76330F27}.Debug|x86.ActiveCfg = Debug|Win32
		{AF57D1C3-399F-4DAC-8EC0-18DA76330F27}.Debug|x86.Build.0 = Debug|Win32
		{AF57D1C3-399F-4DAC-8EC0-18DA76330F27}.Release|x64.ActiveCfg = Release|x64
		{AF57D1C3-399F-4DAC-8EC0-18DA76330F27}.Release|x64.Build.0 = Release|x64
		{AF57D1C3-399F-4DAC-8EC0-18DA76330F27}.Release|x86.ActiveCfg = Release|Win32
		{AF57D1C3-399F-4DAC-8EC0-18DA76330F27}.Release|x86.Build.0 = Release|Win32
		{C4E2A870-1062-430F-8C0C-69577C6FDE36}.Debug|x64.ActiveCfg = Debug|x64
		{C4E2A870-1062-430F-8C0C-69577C6FDE36}.Debug|x64.Build.0 = Debug|x64
		{C4E2A870-1062-430F-8C0C-69577C6FDE36}.Debug|x86.ActiveCfg = Debug|Win32
		{C4E2A870-1062-430F-8C0C-69577C6FDE36}.Debug|x86.Build.0 = Debug|Win32
		{C4E2A870-1062-430F-8C0C-69577C6FDE36}.Release|x64.ActiveCfg = Release|x64
		{C4E2A870-1062-430F-8C0C-69577C6FDE36}.Release|x64.Build.0 = Release|x64
		{C4E2A870-1062-430F-8C0C-69577C6FDE36}.Release|x86.ActiveCfg = Release|Win32
		{C4E2A870-1062-430F-8C0C-69577C6FDE36}.Release|x86.Build.0 = Release|Win32
		{6D5AB129-4E69-460B-A3E3-6508CAA411A9}.Debug|x64.ActiveCfg = Debug|x64
		{6D5AB129-4E69-460B-A3E3-6508CAA411A9}.Debug|x64.Build.0 = Debug|x64
		{6D5AB129-4E69-460B-A3E3-6508CAA411A9}.Debug|x86.ActiveCfg = Debug|Win32
		{6D5AB129-4E69-460B-A3E3-6508CAA411A9}.Debug|x86.Build.0 = Debug|Win32
		{6D5AB129-4E69-460B-A3E3-6508CAA411A9}.Release|x64.ActiveCfg = Release|x64
		{6D5AB129-4E69-460B-A3E3-6508CAA411A9}.Release|x64.Build.0 = Release|x64
		{6D5AB129-4E69-460B-A3E3-6508CAA411A9}.Release|x86.ActiveCfg = Release|Win32
		{6D5AB129-4E69-460B-A3E3-6508CAA411A9}.Release|x86.Build.0 = Release|Win32
		{09B399E0-5D24-4274-AD84-01FCE7DBB9EA}.Debug|x64.ActiveCfg = Debug|x64
		{09B399E0-5D24-4274-AD84-01FCE7DBB9EA}.Debug|x64.Build.0 = Debug|x64
		{09B399E0-5D24-4274-AD84-01FCE7DBB9EA}.Debug|x86.ActiveCfg = Debug|Win32
		{09B399E0-5D24-4274-AD84-01FCE7DBB9EA}.Debug|x86.Build.0 = Debug|Win32
		{09B399E0-5D24-4274-AD84-01FCE7DBB9EA}.Release|x64.ActiveCfg = Release|x64
		{09B399E0-5D24-4274-AD84-01FCE7DBB9EA}.Release|x64.Build.0 = Release|x64
		{09B399E0-5D24-4274-AD84-01FCE7DBB9EA}.Release|x86.ActiveCfg = Release|Win32
		{09B399E0-5D24-4274-AD84-01FCE7DBB9EA}.Release|x86.Build.0 = Release|Win32
		{C055A1D0-A7FE-45B1-A7EB-17F0CE844287}.Debug|x64.ActiveCfg = Debug|x64
		{C055A1D0-A7FE-45B1-A7EB-17F0CE844287}.Debug|x64.Build.0 = Debug|x64
		{C055A1D0-A7FE-45B1-A7EB-17F0CE844287}.Debug|x86.ActiveCfg = Debug|Win32
		{C055A1D0-A7FE-45B1-A7EB-17F0CE844287}.Debug|x86.Build.0 = Debug|Win32
		{C055A1D0-A7FE-45B1-A7EB-17F0CE844287}.Release|x64.ActiveCfg = Release|x64
		{C055A1D0-A7FE-45B1-A7EB-17F0CE844287}.Release|x64.Build.0 = Release|x64
		{C055A1D0-A7FE-45B1-A7EB-17F0CE844287}.Release|x86.ActiveCfg = Release|Win32
		{C055A1D0-A7FE-45B1-A7EB-17F0CE844287}.Release|x86.Build.0 = Release|Win32
		{BA47E984-F080-4875-AC1C-4667490F22FA}.Debug|x64.ActiveCfg = Debug|x64
		{BA47E984-F080-4875-AC1C-4667490F22FA}.Debug|x64.Build.0 = Debug|x64
		{BA47E984-F080-4875-AC1C-4667490F22FA}.Debug|x86.ActiveCfg = Debug|Win32
		{BA47E984-F080-4875-AC1C-4667490F22FA}.Debug|x86.Build.0 = Debug|Win32
		{BA47E984-F080-4875-AC1C-4667490F22FA}.Release|x64.ActiveCfg = Release|x64
		{BA47E984-F080-4875-AC1C-4667490F22FA}.Release|x64.Build.0 = Release|x64
		{BA47E984-F080-4875-AC1C-4667490F22FA}.Release|x86.ActiveCfg = Release|Win32
		{BA47E984-F080-4875-AC1C-4667490F22FA}.Release|x86.Build.0 = Release|Win32
		{578664EE-B538-4DFA-8011-A9CB4B95B003}.Debug|x64.ActiveCfg = Debug|x64
		{578664EE-B538-4DFA-8011-A9CB4B95B003}.Debug|x64.Build.0 = Debug|x64
		{578664EE-B538-4DFA-8011-A9CB4B95B003}.Debug|x86.ActiveCfg = Debug|Win32
		{578664EE-B538-4DFA-8011-A9CB4B95B003}.Debug|x86.Build.0 = Debug|Win32
		{578664EE-B538-4DFA-8011-A9CB4B95B003}.Release|x64.ActiveCfg = Release|x64
		{578664EE-B538-4DFA-8011-A9CB4B95B003}.Release|x64.Build.0 = Release|x64
		{578664EE-B538-4DFA-8011-A9CB4B95B003}.Release|x86.ActiveCfg = Release|Win32
		{578664EE-B538-4DFA-8011-A9CB4B95B003}.Release|x86.Build.0 = Release|Win32
		{DE497E1E-92F9-47A4-9862-62E69F124CF8}.Debug|x64.ActiveCfg = Debug|x64
		{DE497E1E-92F9-47A4-9862-62E69F124CF8}.Debug|x64.Build.0 = Debug|x64
		{DE497E1E-92F9-47A4-9862-62E69F124CF8}.Debug|x86.ActiveCfg = Debug|Win32
		{DE497E1E-92F9-47A4-9862-62E69F124CF8}.Debug|x86.Build.0 = Debug|Win32
		{DE497E1E-92F9-47A4-9862-62E69F124CF8}.Release|x64.ActiveCfg = Release|x64
		{DE497E1E-92F9-47A4-9862-62E69F124CF8}.Release|x64.Build.0 = Release|x64
		{DE497E1E-92F9-47A4-9862-62E69F124CF8}.Release|x86.ActiveCfg = Release|Win32
		{DE497E1E-92F9-47A4-9862-62E69F124CF8}.Release|x86.Build.0 = Release|Win32
		{F2E8B263-8CA2-4DC4-B8BC-C2A97B53DFA7}.Debug|x64.ActiveCfg = Debug|x64
		{F2E8B263-8CA2-4DC4-B8BC-C2A97B53DFA7}.Debug|x64.Build.0 = Debug|x64
		{F2E8B263-8CA2-4DC4-B8BC-C2A97B53DFA7}.Debug|x86.ActiveCfg = Debug|Win32
		{F2E8B263-8CA2-4DC4-B8BC-C2A97B53DFA7}.Debug|x86.Build.0 = Debug|Win32
		{F2E8B263-8CA2-4DC4-B8BC-C2A97B53DFA7}.Release|x64.ActiveCfg = Release|x64
		{F2E8B263-8CA2-4DC4-B8BC-C2A97B53DFA7}.Release|x64.Build.0 = Release|x64
		{F2E8B263-8CA2-4DC4-B8BC-C2A97B53DFA7}.Release|x86.ActiveCfg = Release|Win32
		{F2E8B263-8CA2-4DC4-B8BC-C2A97B53DFA7}.Release|x86.Build.0 = Release|Win32
	EndGlobalSection
	GlobalSection(SolutionProperties) = preSolution
		HideSolutionNode = FALSE
	EndGlobalSection
	GlobalSection(ExtensibilityGlobals) = postSolution
		SolutionGuid = {41B5CEC6-3FBC-49C3-9FC8-570CD7EE6704}
	EndGlobalSection
EndGlobal
